<?xml version="1.0" encoding="utf-8"?>
<Project ToolsVersion="4.0" xmlns="http://schemas.microsoft.com/developer/msbuild/2003">
  <ItemGroup>
    <Filter Include="src">
      <UniqueIdentifier>{b6b73b9a-96a5-477c-9b25-88d0eb5f8a5d}</UniqueIdentifier>
    </Filter>
  </ItemGroup>
  <ItemGroup>
    <ClCompile Include="demo.cpp" />
    <ClCompile Include="..\mini_json\json_file.cpp">
      <Filter>src</Filter>
    </ClCompile>
    <ClCompile Include="..\mini_json\json.cpp">
      <Filter>src</Filter>
    </ClCompile>
  </ItemGroup>
  <ItemGroup>
    <ClInclude Include="..\mini_json\json_file.h">
      <Filter>src</Filter>
    </ClInclude>
    <ClInclude Include="..\mini_json\json.h">
      <Filter>src</Filter>
    </ClInclude>
  </ItemGroup>
</Project>